
Microsoft Visual Studio Solution File, Format Version 12.00
# Visual Studio Version 17
VisualStudioVersion = 17.6.33829.357
MinimumVisualStudioVersion = 10.0.40219.1
Project("{FAE04EC0-301F-11D3-BF4B-00C04F79EFBC}") = "Assignment-4-2", "Assignment-4-2.csproj", "{9A80E220-48D7-4328-83C1-DC6346FADA1A}"
EndProject
Global
	GlobalSection(SolutionConfigurationPlatforms) = preSolution
		Debug|Any CPU = Debug|Any CPU
		Release|Any CPU = Release|Any CPU
	EndGlobalSection
	GlobalSection(ProjectConfigurationPlatforms) = postSolution
		{9A80E220-48D7-4328-83C1-DC6346FADA1A}.Debug|Any CPU.ActiveCfg = Debug|Any CPU
		{9A80E220-48D7-4328-83C1-DC6346FADA1A}.Debug|Any CPU.Build.0 = Debug|Any CPU
		{9A80E220-48D7-4328-83C1-DC6346FADA1A}.Release|Any CPU.ActiveCfg = Release|Any CPU
		{9A80E220-48D7-4328-83C1-DC6346FADA1A}.Release|Any CPU.Build.0 = Release|Any CPU
	EndGlobalSection
	GlobalSection(SolutionProperties) = preSolution
		HideSolutionNode = FALSE
	EndGlobalSection
	GlobalSection(ExtensibilityGlobals) = postSolution
		SolutionGuid = {53E34314-3CF8-4777-916A-3FC30403BA49}
	EndGlobalSection
EndGlobal
